
Microsoft Visual Studio Solution File, Format Version 12.00
# Visual Studio Version 17
VisualStudioVersion = 17.11.35327.3
MinimumVisualStudioVersion = 10.0.40219.1
Project("{FAE04EC0-301F-11D3-BF4B-00C04F79EFBC}") = "Aufgabe_01", "Aufgabe_01\Aufgabe_01.csproj", "{D3FA024A-E7D0-4007-AA89-3EABA9CBEA08}"
EndProject
Project("{FAE04EC0-301F-11D3-BF4B-00C04F79EFBC}") = "Aufgabe_02", "Aufgabe_02\Aufgabe_02.csproj", "{45CF012A-E485-492E-919E-7573B4F3D7CF}"
EndProject
Project("{FAE04EC0-301F-11D3-BF4B-00C04F79EFBC}") = "Aufgabe_03", "Aufgabe_03\Aufgabe_03.csproj", "{9FE17DEA-A89F-417B-8953-A854A892E939}"
EndProject
Project("{FAE04EC0-301F-11D3-BF4B-00C04F79EFBC}") = "Aufgabe_04", "Aufgabe_04\Aufgabe_04.csproj", "{388EAFDC-C89F-4B22-AD3C-27B6AFEE6DEC}"
EndProject
Project("{FAE04EC0-301F-11D3-BF4B-00C04F79EFBC}") = "Aufgabe_05", "Aufgabe_05\Aufgabe_05.csproj", "{0F5840C6-637E-4C10-9C0E-BF5ADB788A92}"
EndProject
Project("{FAE04EC0-301F-11D3-BF4B-00C04F79EFBC}") = "Aufgabe_06", "Aufgabe_06\Aufgabe_06.csproj", "{D5AD9278-B2EC-4346-B552-B0C77E87B98B}"
EndProject
Project("{FAE04EC0-301F-11D3-BF4B-00C04F79EFBC}") = "Aufgabe_07", "Aufgabe_07\Aufgabe_07.csproj", "{AA93DA2A-17F8-43B6-9CD6-C87671307E47}"
EndProject
Project("{FAE04EC0-301F-11D3-BF4B-00C04F79EFBC}") = "Aufgabe_08", "Aufgabe_08\Aufgabe_08.csproj", "{1D32BFEF-457C-4D17-84E5-AFEDA7BFA3EB}"
EndProject
Project("{FAE04EC0-301F-11D3-BF4B-00C04F79EFBC}") = "Aufgabe_09", "Aufgabe_09\Aufgabe_09.csproj", "{DB733B35-E65F-4B41-A0A9-5AD5BB43C191}"
EndProject
Project("{FAE04EC0-301F-11D3-BF4B-00C04F79EFBC}") = "Aufgabe_10", "Aufgabe_10\Aufgabe_10.csproj", "{69DE7B20-72F2-44C7-B7C4-1FF84EDA76E1}"
EndProject
Project("{FAE04EC0-301F-11D3-BF4B-00C04F79EFBC}") = "Aufgabe_11", "Aufgabe_11\Aufgabe_11.csproj", "{F16A3E80-1805-4305-97D8-92F6C66ECFBC}"
EndProject
Project("{FAE04EC0-301F-11D3-BF4B-00C04F79EFBC}") = "Aufgabe_12", "Aufgabe_12\Aufgabe_12.csproj", "{854CD3A7-0D3E-4DD5-8E17-FF0B100D22EA}"
EndProject
Project("{FAE04EC0-301F-11D3-BF4B-00C04F79EFBC}") = "Aufgabe_13", "Aufgabe_13\Aufgabe_13.csproj", "{10646139-54FB-4266-9B40-FEA66AA64D1C}"
EndProject
Project("{FAE04EC0-301F-11D3-BF4B-00C04F79EFBC}") = "Aufgabe_14", "Aufgabe_14\Aufgabe_14.csproj", "{DAAA9E2F-9D27-450B-9260-8ED786C1C912}"
EndProject
Project("{FAE04EC0-301F-11D3-BF4B-00C04F79EFBC}") = "Aufgabe_15", "Aufgabe_15\Aufgabe_15.csproj", "{9558CDB8-A645-4AEF-8D7E-89B2F5EBF497}"
EndProject
Project("{FAE04EC0-301F-11D3-BF4B-00C04F79EFBC}") = "Aufgabe_16", "Aufgabe_16\Aufgabe_16.csproj", "{B28D02B7-9302-449B-80AF-D5AD331036E5}"
EndProject
Project("{FAE04EC0-301F-11D3-BF4B-00C04F79EFBC}") = "Aufgabe_17", "Aufgabe_17\Aufgabe_17.csproj", "{E3731A61-43F8-4C74-96DD-EB6FCB1390D9}"
EndProject
Global
	GlobalSection(SolutionConfigurationPlatforms) = preSolution
		Debug|Any CPU = Debug|Any CPU
		Release|Any CPU = Release|Any CPU
	EndGlobalSection
	GlobalSection(ProjectConfigurationPlatforms) = postSolution
		{D3FA024A-E7D0-4007-AA89-3EABA9CBEA08}.Debug|Any CPU.ActiveCfg = Debug|Any CPU
		{D3FA024A-E7D0-4007-AA89-3EABA9CBEA08}.Debug|Any CPU.Build.0 = Debug|Any CPU
		{D3FA024A-E7D0-4007-AA89-3EABA9CBEA08}.Release|Any CPU.ActiveCfg = Release|Any CPU
		{D3FA024A-E7D0-4007-AA89-3EABA9CBEA08}.Release|Any CPU.Build.0 = Release|Any CPU
		{45CF012A-E485-492E-919E-7573B4F3D7CF}.Debug|Any CPU.ActiveCfg = Debug|Any CPU
		{45CF012A-E485-492E-919E-7573B4F3D7CF}.Debug|Any CPU.Build.0 = Debug|Any CPU
		{45CF012A-E485-492E-919E-7573B4F3D7CF}.Release|Any CPU.ActiveCfg = Release|Any CPU
		{45CF012A-E485-492E-919E-7573B4F3D7CF}.Release|Any CPU.Build.0 = Release|Any CPU
		{9FE17DEA-A89F-417B-8953-A854A892E939}.Debug|Any CPU.ActiveCfg = Debug|Any CPU
		{9FE17DEA-A89F-417B-8953-A854A892E939}.Debug|Any CPU.Build.0 = Debug|Any CPU
		{9FE17DEA-A89F-417B-8953-A854A892E939}.Release|Any CPU.ActiveCfg = Release|Any CPU
		{9FE17DEA-A89F-417B-8953-A854A892E939}.Release|Any CPU.Build.0 = Release|Any CPU
		{388EAFDC-C89F-4B22-AD3C-27B6AFEE6DEC}.Debug|Any CPU.ActiveCfg = Debug|Any CPU
		{388EAFDC-C89F-4B22-AD3C-27B6AFEE6DEC}.Debug|Any CPU.Build.0 = Debug|Any CPU
		{388EAFDC-C89F-4B22-AD3C-27B6AFEE6DEC}.Release|Any CPU.ActiveCfg = Release|Any CPU
		{388EAFDC-C89F-4B22-AD3C-27B6AFEE6DEC}.Release|Any CPU.Build.0 = Release|Any CPU
		{0F5840C6-637E-4C10-9C0E-BF5ADB788A92}.Debug|Any CPU.ActiveCfg = Debug|Any CPU
		{0F5840C6-637E-4C10-9C0E-BF5ADB788A92}.Debug|Any CPU.Build.0 = Debug|Any CPU
		{0F5840C6-637E-4C10-9C0E-BF5ADB788A92}.Release|Any CPU.ActiveCfg = Release|Any CPU
		{0F5840C6-637E-4C10-9C0E-BF5ADB788A92}.Release|Any CPU.Build.0 = Release|Any CPU
		{D5AD9278-B2EC-4346-B552-B0C77E87B98B}.Debug|Any CPU.ActiveCfg = Debug|Any CPU
		{D5AD9278-B2EC-4346-B552-B0C77E87B98B}.Debug|Any CPU.Build.0 = Debug|Any CPU
		{D5AD9278-B2EC-4346-B552-B0C77E87B98B}.Release|Any CPU.ActiveCfg = Release|Any CPU
		{D5AD9278-B2EC-4346-B552-B0C77E87B98B}.Release|Any CPU.Build.0 = Release|Any CPU
		{AA93DA2A-17F8-43B6-9CD6-C87671307E47}.Debug|Any CPU.ActiveCfg = Debug|Any CPU
		{AA93DA2A-17F8-43B6-9CD6-C87671307E47}.Debug|Any CPU.Build.0 = Debug|Any CPU
		{AA93DA2A-17F8-43B6-9CD6-C87671307E47}.Release|Any CPU.ActiveCfg = Release|Any CPU
		{AA93DA2A-17F8-43B6-9CD6-C87671307E47}.Release|Any CPU.Build.0 = Release|Any CPU
		{1D32BFEF-457C-4D17-84E5-AFEDA7BFA3EB}.Debug|Any CPU.ActiveCfg = Debug|Any CPU
		{1D32BFEF-457C-4D17-84E5-AFEDA7BFA3EB}.Debug|Any CPU.Build.0 = Debug|Any CPU
		{1D32BFEF-457C-4D17-84E5-AFEDA7BFA3EB}.Release|Any CPU.ActiveCfg = Release|Any CPU
		{1D32BFEF-457C-4D17-84E5-AFEDA7BFA3EB}.Release|Any CPU.Build.0 = Release|Any CPU
		{DB733B35-E65F-4B41-A0A9-5AD5BB43C191}.Debug|Any CPU.ActiveCfg = Debug|Any CPU
		{DB733B35-E65F-4B41-A0A9-5AD5BB43C191}.Debug|Any CPU.Build.0 = Debug|Any CPU
		{DB733B35-E65F-4B41-A0A9-5AD5BB43C191}.Release|Any CPU.ActiveCfg = Release|Any CPU
		{DB733B35-E65F-4B41-A0A9-5AD5BB43C191}.Release|Any CPU.Build.0 = Release|Any CPU
		{69DE7B20-72F2-44C7-B7C4-1FF84EDA76E1}.Debug|Any CPU.ActiveCfg = Debug|Any CPU
		{69DE7B20-72F2-44C7-B7C4-1FF84EDA76E1}.Debug|Any CPU.Build.0 = Debug|Any CPU
		{69DE7B20-72F2-44C7-B7C4-1FF84EDA76E1}.Release|Any CPU.ActiveCfg = Release|Any CPU
		{69DE7B20-72F2-44C7-B7C4-1FF84EDA76E1}.Release|Any CPU.Build.0 = Release|Any CPU
		{F16A3E80-1805-4305-97D8-92F6C66ECFBC}.Debug|Any CPU.ActiveCfg = Debug|Any CPU
		{F16A3E80-1805-4305-97D8-92F6C66ECFBC}.Debug|Any CPU.Build.0 = Debug|Any CPU
		{F16A3E80-1805-4305-97D8-92F6C66ECFBC}.Release|Any CPU.ActiveCfg = Release|Any CPU
		{F16A3E80-1805-4305-97D8-92F6C66ECFBC}.Release|Any CPU.Build.0 = Release|Any CPU
		{854CD3A7-0D3E-4DD5-8E17-FF0B100D22EA}.Debug|Any CPU.ActiveCfg = Debug|Any CPU
		{854CD3A7-0D3E-4DD5-8E17-FF0B100D22EA}.Debug|Any CPU.Build.0 = Debug|Any CPU
		{854CD3A7-0D3E-4DD5-8E17-FF0B100D22EA}.Release|Any CPU.ActiveCfg = Release|Any CPU
		{854CD3A7-0D3E-4DD5-8E17-FF0B100D22EA}.Release|Any CPU.Build.0 = Release|Any CPU
		{10646139-54FB-4266-9B40-FEA66AA64D1C}.Debug|Any CPU.ActiveCfg = Debug|Any CPU
		{10646139-54FB-4266-9B40-FEA66AA64D1C}.Debug|Any CPU.Build.0 = Debug|Any CPU
		{10646139-54FB-4266-9B40-FEA66AA64D1C}.Release|Any CPU.ActiveCfg = Release|Any CPU
		{10646139-54FB-4266-9B40-FEA66AA64D1C}.Release|Any CPU.Build.0 = Release|Any CPU
		{DAAA9E2F-9D27-450B-9260-8ED786C1C912}.Debug|Any CPU.ActiveCfg = Debug|Any CPU
		{DAAA9E2F-9D27-450B-9260-8ED786C1C912}.Debug|Any CPU.Build.0 = Debug|Any CPU
		{DAAA9E2F-9D27-450B-9260-8ED786C1C912}.Release|Any CPU.ActiveCfg = Release|Any CPU
		{DAAA9E2F-9D27-450B-9260-8ED786C1C912}.Release|Any CPU.Build.0 = Release|Any CPU
		{9558CDB8-A645-4AEF-8D7E-89B2F5EBF497}.Debug|Any CPU.ActiveCfg = Debug|Any CPU
		{9558CDB8-A645-4AEF-8D7E-89B2F5EBF497}.Debug|Any CPU.Build.0 = Debug|Any CPU
		{9558CDB8-A645-4AEF-8D7E-89B2F5EBF497}.Release|Any CPU.ActiveCfg = Release|Any CPU
		{9558CDB8-A645-4AEF-8D7E-89B2F5EBF497}.Release|Any CPU.Build.0 = Release|Any CPU
		{B28D02B7-9302-449B-80AF-D5AD331036E5}.Debug|Any CPU.ActiveCfg = Debug|Any CPU
		{B28D02B7-9302-449B-80AF-D5AD331036E5}.Debug|Any CPU.Build.0 = Debug|Any CPU
		{B28D02B7-9302-449B-80AF-D5AD331036E5}.Release|Any CPU.ActiveCfg = Release|Any CPU
		{B28D02B7-9302-449B-80AF-D5AD331036E5}.Release|Any CPU.Build.0 = Release|Any CPU
		{E3731A61-43F8-4C74-96DD-EB6FCB1390D9}.Debug|Any CPU.ActiveCfg = Debug|Any CPU
		{E3731A61-43F8-4C74-96DD-EB6FCB1390D9}.Debug|Any CPU.Build.0 = Debug|Any CPU
		{E3731A61-43F8-4C74-96DD-EB6FCB1390D9}.Release|Any CPU.ActiveCfg = Release|Any CPU
		{E3731A61-43F8-4C74-96DD-EB6FCB1390D9}.Release|Any CPU.Build.0 = Release|Any CPU
	EndGlobalSection
	GlobalSection(SolutionProperties) = preSolution
		HideSolutionNode = FALSE
	EndGlobalSection
	GlobalSection(ExtensibilityGlobals) = postSolution
		SolutionGuid = {04A42362-369E-4CF2-A185-C10640187F36}
	EndGlobalSection
EndGlobal
